// !$*UTF8*$!
{
	archiveVersion = 1;
	classes = {
	};
	objectVersion = 50;
	objects = {

/* Begin PBXBuildFile section */
		64C7FB892105C0450098373F /* DetailViewController.swift in Sources */ = {isa = PBXBuildFile; fileRef = 64C7FB882105C0450098373F /* DetailViewController.swift */; };
		64EF8629210085EF008A4469 /* AppDelegate.swift in Sources */ = {isa = PBXBuildFile; fileRef = 64EF8628210085EF008A4469 /* AppDelegate.swift */; };
		64EF862E210085EF008A4469 /* Main.storyboard in Resources */ = {isa = PBXBuildFile; fileRef = 64EF862C210085EF008A4469 /* Main.storyboard */; };
		64EF8630210085F0008A4469 /* Assets.xcassets in Resources */ = {isa = PBXBuildFile; fileRef = 64EF862F210085F0008A4469 /* Assets.xcassets */; };
		64EF8633210085F0008A4469 /* LaunchScreen.storyboard in Resources */ = {isa = PBXBuildFile; fileRef = 64EF8631210085F0008A4469 /* LaunchScreen.storyboard */; };
		64EF863E210085F0008A4469 /* HomepwnerTests.swift in Sources */ = {isa = PBXBuildFile; fileRef = 64EF863D210085F0008A4469 /* HomepwnerTests.swift */; };
		64EF8649210085F0008A4469 /* HomepwnerUITests.swift in Sources */ = {isa = PBXBuildFile; fileRef = 64EF8648210085F0008A4469 /* HomepwnerUITests.swift */; };
		64EF865721008645008A4469 /* ItemsViewController.swift in Sources */ = {isa = PBXBuildFile; fileRef = 64EF865621008645008A4469 /* ItemsViewController.swift */; };
		64EF8659210087C0008A4469 /* Item.swift in Sources */ = {isa = PBXBuildFile; fileRef = 64EF8658210087C0008A4469 /* Item.swift */; };
		64EF865B21008F42008A4469 /* ItemStore.swift in Sources */ = {isa = PBXBuildFile; fileRef = 64EF865A21008F42008A4469 /* ItemStore.swift */; };
		64EF865D2100B278008A4469 /* ItemCell.swift in Sources */ = {isa = PBXBuildFile; fileRef = 64EF865C2100B278008A4469 /* ItemCell.swift */; };
/* End PBXBuildFile section */

/* Begin PBXContainerItemProxy section */
		64EF863A210085F0008A4469 /* PBXContainerItemProxy */ = {
			isa = PBXContainerItemProxy;
			containerPortal = 64EF861D210085EF008A4469 /* Project object */;
			proxyType = 1;
			remoteGlobalIDString = 64EF8624210085EF008A4469;
			remoteInfo = Homepwner;
		};
		64EF8645210085F0008A4469 /* PBXContainerItemProxy */ = {
			isa = PBXContainerItemProxy;
			containerPortal = 64EF861D210085EF008A4469 /* Project object */;
			proxyType = 1;
			remoteGlobalIDString = 64EF8624210085EF008A4469;
			remoteInfo = Homepwner;
		};
/* End PBXContainerItemProxy section */

/* Begin PBXFileReference section */
		64C7FB882105C0450098373F /* DetailViewController.swift */ = {isa = PBXFileReference; lastKnownFileType = sourcecode.swift; path = DetailViewController.swift; sourceTree = "<group>"; };
		64EF8625210085EF008A4469 /* Homepwner.app */ = {isa = PBXFileReference; explicitFileType = wrapper.application; includeInIndex = 0; path = Homepwner.app; sourceTree = BUILT_PRODUCTS_DIR; };
		64EF8628210085EF008A4469 /* AppDelegate.swift */ = {isa = PBXFileReference; lastKnownFileType = sourcecode.swift; path = AppDelegate.swift; sourceTree = "<group>"; };
		64EF862D210085EF008A4469 /* Base */ = {isa = PBXFileReference; lastKnownFileType = file.storyboard; name = Base; path = Base.lproj/Main.storyboard; sourceTree = "<group>"; };
		64EF862F210085F0008A4469 /* Assets.xcassets */ = {isa = PBXFileReference; lastKnownFileType = folder.assetcatalog; path = Assets.xcassets; sourceTree = "<group>"; };
		64EF8632210085F0008A4469 /* Base */ = {isa = PBXFileReference; lastKnownFileType = file.storyboard; name = Base; path = Base.lproj/LaunchScreen.storyboard; sourceTree = "<group>"; };
		64EF8634210085F0008A4469 /* Info.plist */ = {isa = PBXFileReference; lastKnownFileType = text.plist.xml; path = Info.plist; sourceTree = "<group>"; };
		64EF8639210085F0008A4469 /* HomepwnerTests.xctest */ = {isa = PBXFileReference; explicitFileType = wrapper.cfbundle; includeInIndex = 0; path = HomepwnerTests.xctest; sourceTree = BUILT_PRODUCTS_DIR; };
		64EF863D210085F0008A4469 /* HomepwnerTests.swift */ = {isa = PBXFileReference; lastKnownFileType = sourcecode.swift; path = HomepwnerTests.swift; sourceTree = "<group>"; };
		64EF863F210085F0008A4469 /* Info.plist */ = {isa = PBXFileReference; lastKnownFileType = text.plist.xml; path = Info.plist; sourceTree = "<group>"; };
		64EF8644210085F0008A4469 /* HomepwnerUITests.xctest */ = {isa = PBXFileReference; explicitFileType = wrapper.cfbundle; includeInIndex = 0; path = HomepwnerUITests.xctest; sourceTree = BUILT_PRODUCTS_DIR; };
		64EF8648210085F0008A4469 /* HomepwnerUITests.swift */ = {isa = PBXFileReference; lastKnownFileType = sourcecode.swift; path = HomepwnerUITests.swift; sourceTree = "<group>"; };
		64EF864A210085F0008A4469 /* Info.plist */ = {isa = PBXFileReference; lastKnownFileType = text.plist.xml; path = Info.plist; sourceTree = "<group>"; };
		64EF865621008645008A4469 /* ItemsViewController.swift */ = {isa = PBXFileReference; lastKnownFileType = sourcecode.swift; path = ItemsViewController.swift; sourceTree = "<group>"; };
		64EF8658210087C0008A4469 /* Item.swift */ = {isa = PBXFileReference; lastKnownFileType = sourcecode.swift; path = Item.swift; sourceTree = "<group>"; };
		64EF865A21008F42008A4469 /* ItemStore.swift */ = {isa = PBXFileReference; lastKnownFileType = sourcecode.swift; path = ItemStore.swift; sourceTree = "<group>"; };
		64EF865C2100B278008A4469 /* ItemCell.swift */ = {isa = PBXFileReference; lastKnownFileType = sourcecode.swift; path = ItemCell.swift; sourceTree = "<group>"; };
/* End PBXFileReference section */

/* Begin PBXFrameworksBuildPhase section */
		64EF8622210085EF008A4469 /* Frameworks */ = {
			isa = PBXFrameworksBuildPhase;
			buildActionMask = 2147483647;
			files = (
			);
			runOnlyForDeploymentPostprocessing = 0;
		};
		64EF8636210085F0008A4469 /* Frameworks */ = {
			isa = PBXFrameworksBuildPhase;
			buildActionMask = 2147483647;
			files = (
			);
			runOnlyForDeploymentPostprocessing = 0;
		};
		64EF8641210085F0008A4469 /* Frameworks */ = {
			isa = PBXFrameworksBuildPhase;
			buildActionMask = 2147483647;
			files = (
			);
			runOnlyForDeploymentPostprocessing = 0;
		};
/* End PBXFrameworksBuildPhase section */

/* Begin PBXGroup section */
		64EF861C210085EF008A4469 = {
			isa = PBXGroup;
			children = (
				64EF8627210085EF008A4469 /* Homepwner */,
				64EF863C210085F0008A4469 /* HomepwnerTests */,
				64EF8647210085F0008A4469 /* HomepwnerUITests */,
				64EF8626210085EF008A4469 /* Products */,
			);
			sourceTree = "<group>";
		};
		64EF8626210085EF008A4469 /* Products */ = {
			isa = PBXGroup;
			children = (
				64EF8625210085EF008A4469 /* Homepwner.app */,
				64EF8639210085F0008A4469 /* HomepwnerTests.xctest */,
				64EF8644210085F0008A4469 /* HomepwnerUITests.xctest */,
			);
			name = Products;
			sourceTree = "<group>";
		};
		64EF8627210085EF008A4469 /* Homepwner */ = {
			isa = PBXGroup;
			children = (
				64EF8628210085EF008A4469 /* AppDelegate.swift */,
				64EF862C210085EF008A4469 /* Main.storyboard */,
				64EF862F210085F0008A4469 /* Assets.xcassets */,
				64EF8631210085F0008A4469 /* LaunchScreen.storyboard */,
				64EF8634210085F0008A4469 /* Info.plist */,
				64EF865621008645008A4469 /* ItemsViewController.swift */,
				64EF8658210087C0008A4469 /* Item.swift */,
				64EF865A21008F42008A4469 /* ItemStore.swift */,
				64EF865C2100B278008A4469 /* ItemCell.swift */,
				64C7FB882105C0450098373F /* DetailViewController.swift */,
			);
			path = Homepwner;
			sourceTree = "<group>";
		};
		64EF863C210085F0008A4469 /* HomepwnerTests */ = {
			isa = PBXGroup;
			children = (
				64EF863D210085F0008A4469 /* HomepwnerTests.swift */,
				64EF863F210085F0008A4469 /* Info.plist */,
			);
			path = HomepwnerTests;
			sourceTree = "<group>";
		};
		64EF8647210085F0008A4469 /* HomepwnerUITests */ = {
			isa = PBXGroup;
			children = (
				64EF8648210085F0008A4469 /* HomepwnerUITests.swift */,
				64EF864A210085F0008A4469 /* Info.plist */,
			);
			path = HomepwnerUITests;
			sourceTree = "<group>";
		};
/* End PBXGroup section */

/* Begin PBXNativeTarget section */
		64EF8624210085EF008A4469 /* Homepwner */ = {
			isa = PBXNativeTarget;
			buildConfigurationList = 64EF864D210085F0008A4469 /* Build configuration list for PBXNativeTarget "Homepwner" */;
			buildPhases = (
				64EF8621210085EF008A4469 /* Sources */,
				64EF8622210085EF008A4469 /* Frameworks */,
				64EF8623210085EF008A4469 /* Resources */,
			);
			buildRules = (
			);
			dependencies = (
			);
			name = Homepwner;
			productName = Homepwner;
			productReference = 64EF8625210085EF008A4469 /* Homepwner.app */;
			productType = "com.apple.product-type.application";
		};
		64EF8638210085F0008A4469 /* HomepwnerTests */ = {
			isa = PBXNativeTarget;
			buildConfigurationList = 64EF8650210085F0008A4469 /* Build configuration list for PBXNativeTarget "HomepwnerTests" */;
			buildPhases = (
				64EF8635210085F0008A4469 /* Sources */,
				64EF8636210085F0008A4469 /* Frameworks */,
				64EF8637210085F0008A4469 /* Resources */,
			);
			buildRules = (
			);
			dependencies = (
				64EF863B210085F0008A4469 /* PBXTargetDependency */,
			);
			name = HomepwnerTests;
			productName = HomepwnerTests;
			productReference = 64EF8639210085F0008A4469 /* HomepwnerTests.xctest */;
			productType = "com.apple.product-type.bundle.unit-test";
		};
		64EF8643210085F0008A4469 /* HomepwnerUITests */ = {
			isa = PBXNativeTarget;
			buildConfigurationList = 64EF8653210085F0008A4469 /* Build configuration list for PBXNativeTarget "HomepwnerUITests" */;
			buildPhases = (
				64EF8640210085F0008A4469 /* Sources */,
				64EF8641210085F0008A4469 /* Frameworks */,
				64EF8642210085F0008A4469 /* Resources */,
			);
			buildRules = (
			);
			dependencies = (
				64EF8646210085F0008A4469 /* PBXTargetDependency */,
			);
			name = HomepwnerUITests;
			productName = HomepwnerUITests;
			productReference = 64EF8644210085F0008A4469 /* HomepwnerUITests.xctest */;
			productType = "com.apple.product-type.bundle.ui-testing";
		};
/* End PBXNativeTarget section */

/* Begin PBXProject section */
		64EF861D210085EF008A4469 /* Project object */ = {
			isa = PBXProject;
			attributes = {
				LastSwiftUpdateCheck = 0940;
				LastUpgradeCheck = 0940;
				ORGANIZATIONNAME = JingweiWang;
				TargetAttributes = {
					64EF8624210085EF008A4469 = {
						CreatedOnToolsVersion = 9.4.1;
					};
					64EF8638210085F0008A4469 = {
						CreatedOnToolsVersion = 9.4.1;
						TestTargetID = 64EF8624210085EF008A4469;
					};
					64EF8643210085F0008A4469 = {
						CreatedOnToolsVersion = 9.4.1;
						TestTargetID = 64EF8624210085EF008A4469;
					};
				};
			};
			buildConfigurationList = 64EF8620210085EF008A4469 /* Build configuration list for PBXProject "Homepwner" */;
			compatibilityVersion = "Xcode 9.3";
			developmentRegion = en;
			hasScannedForEncodings = 0;
			knownRegions = (
				en,
				Base,
			);
			mainGroup = 64EF861C210085EF008A4469;
			productRefGroup = 64EF8626210085EF008A4469 /* Products */;
			projectDirPath = "";
			projectRoot = "";
			targets = (
				64EF8624210085EF008A4469 /* Homepwner */,
				64EF8638210085F0008A4469 /* HomepwnerTests */,
				64EF8643210085F0008A4469 /* HomepwnerUITests */,
			);
		};
/* End PBXProject section */

/* Begin PBXResourcesBuildPhase section */
		64EF8623210085EF008A4469 /* Resources */ = {
			isa = PBXResourcesBuildPhase;
			buildActionMask = 2147483647;
			files = (
				64EF8633210085F0008A4469 /* LaunchScreen.storyboard in Resources */,
				64EF8630210085F0008A4469 /* Assets.xcassets in Resources */,
				64EF862E210085EF008A4469 /* Main.storyboard in Resources */,
			);
			runOnlyForDeploymentPostprocessing = 0;
		};
		64EF8637210085F0008A4469 /* Resources */ = {
			isa = PBXResourcesBuildPhase;
			buildActionMask = 2147483647;
			files = (
			);
			runOnlyForDeploymentPostprocessing = 0;
		};
		64EF8642210085F0008A4469 /* Resources */ = {
			isa = PBXResourcesBuildPhase;
			buildActionMask = 2147483647;
			files = (
			);
			runOnlyForDeploymentPostprocessing = 0;
		};
/* End PBXResourcesBuildPhase section */

/* Begin PBXSourcesBuildPhase section */
		64EF8621210085EF008A4469 /* Sources */ = {
			isa = PBXSourcesBuildPhase;
			buildActionMask = 2147483647;
			files = (
				64EF865721008645008A4469 /* ItemsViewController.swift in Sources */,
				64EF8659210087C0008A4469 /* Item.swift in Sources */,
				64EF865B21008F42008A4469 /* ItemStore.swift in Sources */,
				64C7FB892105C0450098373F /* DetailViewController.swift in Sources */,
				64EF8629210085EF008A4469 /* AppDelegate.swift in Sources */,
				64EF865D2100B278008A4469 /* ItemCell.swift in Sources */,
			);
			runOnlyForDeploymentPostprocessing = 0;
		};
		64EF8635210085F0008A4469 /* Sources */ = {
			isa = PBXSourcesBuildPhase;
			buildActionMask = 2147483647;
			files = (
				64EF863E210085F0008A4469 /* HomepwnerTests.swift in Sources */,
			);
			runOnlyForDeploymentPostprocessing = 0;
		};
		64EF8640210085F0008A4469 /* Sources */ = {
			isa = PBXSourcesBuildPhase;
			buildActionMask = 2147483647;
			files = (
				64EF8649210085F0008A4469 /* HomepwnerUITests.swift in Sources */,
			);
			runOnlyForDeploymentPostprocessing = 0;
		};
/* End PBXSourcesBuildPhase section */

/* Begin PBXTargetDependency section */
		64EF863B210085F0008A4469 /* PBXTargetDependency */ = {
			isa = PBXTargetDependency;
			target = 64EF8624210085EF008A4469 /* Homepwner */;
			targetProxy = 64EF863A210085F0008A4469 /* PBXContainerItemProxy */;
		};
		64EF8646210085F0008A4469 /* PBXTargetDependency */ = {
			isa = PBXTargetDependency;
			target = 64EF8624210085EF008A4469 /* Homepwner */;
			targetProxy = 64EF8645210085F0008A4469 /* PBXContainerItemProxy */;
		};
/* End PBXTargetDependency section */

/* Begin PBXVariantGroup section */
		64EF862C210085EF008A4469 /* Main.storyboard */ = {
			isa = PBXVariantGroup;
			children = (
				64EF862D210085EF008A4469 /* Base */,
			);
			name = Main.storyboard;
			sourceTree = "<group>";
		};
		64EF8631210085F0008A4469 /* LaunchScreen.storyboard */ = {
			isa = PBXVariantGroup;
			children = (
				64EF8632210085F0008A4469 /* Base */,
			);
			name = LaunchScreen.storyboard;
			sourceTree = "<group>";
		};
/* End PBXVariantGroup section */

/* Begin XCBuildConfiguration section */
		64EF864B210085F0008A4469 /* Debug */ = {
			isa = XCBuildConfiguration;
			buildSettings = {
				ALWAYS_SEARCH_USER_PATHS = NO;
				CLANG_ANALYZER_NONNULL = YES;
				CLANG_ANALYZER_NUMBER_OBJECT_CONVERSION = YES_AGGRESSIVE;
				CLANG_CXX_LANGUAGE_STANDARD = "gnu++14";
				CLANG_CXX_LIBRARY = "libc++";
				CLANG_ENABLE_MODULES = YES;
				CLANG_ENABLE_OBJC_ARC = YES;
				CLANG_ENABLE_OBJC_WEAK = YES;
				CLANG_WARN_BLOCK_CAPTURE_AUTORELEASING = YES;
				CLANG_WARN_BOOL_CONVERSION = YES;
				CLANG_WARN_COMMA = YES;
				CLANG_WARN_CONSTANT_CONVERSION = YES;
				CLANG_WARN_DEPRECATED_OBJC_IMPLEMENTATIONS = YES;
				CLANG_WARN_DIRECT_OBJC_ISA_USAGE = YES_ERROR;
				CLANG_WARN_DOCUMENTATION_COMMENTS = YES;
				CLANG_WARN_EMPTY_BODY = YES;
				CLANG_WARN_ENUM_CONVERSION = YES;
				CLANG_WARN_INFINITE_RECURSION = YES;
				CLANG_WARN_INT_CONVERSION = YES;
				CLANG_WARN_NON_LITERAL_NULL_CONVERSION = YES;
				CLANG_WARN_OBJC_IMPLICIT_RETAIN_SELF = YES;
				CLANG_WARN_OBJC_LITERAL_CONVERSION = YES;
				CLANG_WARN_OBJC_ROOT_CLASS = YES_ERROR;
				CLANG_WARN_RANGE_LOOP_ANALYSIS = YES;
				CLANG_WARN_STRICT_PROTOTYPES = YES;
				CLANG_WARN_SUSPICIOUS_MOVE = YES;
				CLANG_WARN_UNGUARDED_AVAILABILITY = YES_AGGRESSIVE;
				CLANG_WARN_UNREACHABLE_CODE = YES;
				CLANG_WARN__DUPLICATE_METHOD_MATCH = YES;
				CODE_SIGN_IDENTITY = "iPhone Developer";
				COPY_PHASE_STRIP = NO;
				DEBUG_INFORMATION_FORMAT = dwarf;
				ENABLE_STRICT_OBJC_MSGSEND = YES;
				ENABLE_TESTABILITY = YES;
				GCC_C_LANGUAGE_STANDARD = gnu11;
				GCC_DYNAMIC_NO_PIC = NO;
				GCC_NO_COMMON_BLOCKS = YES;
				GCC_OPTIMIZATION_LEVEL = 0;
				GCC_PREPROCESSOR_DEFINITIONS = (
					"DEBUG=1",
					"$(inherited)",
				);
				GCC_WARN_64_TO_32_BIT_CONVERSION = YES;
				GCC_WARN_ABOUT_RETURN_TYPE = YES_ERROR;
				GCC_WARN_UNDECLARED_SELECTOR = YES;
				GCC_WARN_UNINITIALIZED_AUTOS = YES_AGGRESSIVE;
				GCC_WARN_UNUSED_FUNCTION = YES;
				GCC_WARN_UNUSED_VARIABLE = YES;
				IPHONEOS_DEPLOYMENT_TARGET = 11.4;
				MTL_ENABLE_DEBUG_INFO = YES;
				ONLY_ACTIVE_ARCH = YES;
				SDKROOT = iphoneos;
				SWIFT_ACTIVE_COMPILATION_CONDITIONS = DEBUG;
				SWIFT_OPTIMIZATION_LEVEL = "-Onone";
			};
			name = Debug;
		};
		64EF864C210085F0008A4469 /* Release */ = {
			isa = XCBuildConfiguration;
			buildSettings = {
				ALWAYS_SEARCH_USER_PATHS = NO;
				CLANG_ANALYZER_NONNULL = YES;
				CLANG_ANALYZER_NUMBER_OBJECT_CONVERSION = YES_AGGRESSIVE;
				CLANG_CXX_LANGUAGE_STANDARD = "gnu++14";
				CLANG_CXX_LIBRARY = "libc++";
				CLANG_ENABLE_MODULES = YES;
				CLANG_ENABLE_OBJC_ARC = YES;
				CLANG_ENABLE_OBJC_WEAK = YES;
				CLANG_WARN_BLOCK_CAPTURE_AUTORELEASING = YES;
				CLANG_WARN_BOOL_CONVERSION = YES;
				CLANG_WARN_COMMA = YES;
				CLANG_WARN_CONSTANT_CONVERSION = YES;
				CLANG_WARN_DEPRECATED_OBJC_IMPLEMENTATIONS = YES;
				CLANG_WARN_DIRECT_OBJC_ISA_USAGE = YES_ERROR;
				CLANG_WARN_DOCUMENTATION_COMMENTS = YES;
				CLANG_WARN_EMPTY_BODY = YES;
				CLANG_WARN_ENUM_CONVERSION = YES;
				CLANG_WARN_INFINITE_RECURSION = YES;
				CLANG_WARN_INT_CONVERSION = YES;
				CLANG_WARN_NON_LITERAL_NULL_CONVERSION = YES;
				CLANG_WARN_OBJC_IMPLICIT_RETAIN_SELF = YES;
				CLANG_WARN_OBJC_LITERAL_CONVERSION = YES;
				CLANG_WARN_OBJC_ROOT_CLASS = YES_ERROR;
				CLANG_WARN_RANGE_LOOP_ANALYSIS = YES;
				CLANG_WARN_STRICT_PROTOTYPES = YES;
				CLANG_WARN_SUSPICIOUS_MOVE = YES;
				CLANG_WARN_UNGUARDED_AVAILABILITY = YES_AGGRESSIVE;
				CLANG_WARN_UNREACHABLE_CODE = YES;
				CLANG_WARN__DUPLICATE_METHOD_MATCH = YES;
				CODE_SIGN_IDENTITY = "iPhone Developer";
				COPY_PHASE_STRIP = NO;
				DEBUG_INFORMATION_FORMAT = "dwarf-with-dsym";
				ENABLE_NS_ASSERTIONS = NO;
				ENABLE_STRICT_OBJC_MSGSEND = YES;
				GCC_C_LANGUAGE_STANDARD = gnu11;
				GCC_NO_COMMON_BLOCKS = YES;
				GCC_WARN_64_TO_32_BIT_CONVERSION = YES;
				GCC_WARN_ABOUT_RETURN_TYPE = YES_ERROR;
				GCC_WARN_UNDECLARED_SELECTOR = YES;
				GCC_WARN_UNINITIALIZED_AUTOS = YES_AGGRESSIVE;
				GCC_WARN_UNUSED_FUNCTION = YES;
				GCC_WARN_UNUSED_VARIABLE = YES;
				IPHONEOS_DEPLOYMENT_TARGET = 11.4;
				MTL_ENABLE_DEBUG_INFO = NO;
				SDKROOT = iphoneos;
				SWIFT_COMPILATION_MODE = wholemodule;
				SWIFT_OPTIMIZATION_LEVEL = "-O";
				VALIDATE_PRODUCT = YES;
			};
			name = Release;
		};
		64EF864E210085F0008A4469 /* Debug */ = {
			isa = XCBuildConfiguration;
			buildSettings = {
				ASSETCATALOG_COMPILER_APPICON_NAME = AppIcon;
				CODE_SIGN_STYLE = Automatic;
				DEVELOPMENT_TEAM = 3S5MT7HWJS;
				INFOPLIST_FILE = Homepwner/Info.plist;
				LD_RUNPATH_SEARCH_PATHS = (
					"$(inherited)",
					"@executable_path/Frameworks",
				);
				PRODUCT_BUNDLE_IDENTIFIER = io.github.jingweiwang.Homepwner;
				PRODUCT_NAME = "$(TARGET_NAME)";
				SWIFT_VERSION = 4.0;
				TARGETED_DEVICE_FAMILY = "1,2";
			};
			name = Debug;
		};
		64EF864F210085F0008A4469 /* Release */ = {
			isa = XCBuildConfiguration;
			buildSettings = {
				ASSETCATALOG_COMPILER_APPICON_NAME = AppIcon;
				CODE_SIGN_STYLE = Automatic;
				DEVELOPMENT_TEAM = 3S5MT7HWJS;
				INFOPLIST_FILE = Homepwner/Info.plist;
				LD_RUNPATH_SEARCH_PATHS = (
					"$(inherited)",
					"@executable_path/Frameworks",
				);
				PRODUCT_BUNDLE_IDENTIFIER = io.github.jingweiwang.Homepwner;
				PRODUCT_NAME = "$(TARGET_NAME)";
				SWIFT_VERSION = 4.0;
				TARGETED_DEVICE_FAMILY = "1,2";
			};
			name = Release;
		};
		64EF8651210085F0008A4469 /* Debug */ = {
			isa = XCBuildConfiguration;
			buildSettings = {
				ALWAYS_EMBED_SWIFT_STANDARD_LIBRARIES = YES;
				BUNDLE_LOADER = "$(TEST_HOST)";
				CODE_SIGN_STYLE = Automatic;
				DEVELOPMENT_TEAM = 3S5MT7HWJS;
				INFOPLIST_FILE = HomepwnerTests/Info.plist;
				LD_RUNPATH_SEARCH_PATHS = (
					"$(inherited)",
					"@executable_path/Frameworks",
					"@loader_path/Frameworks",
				);
				PRODUCT_BUNDLE_IDENTIFIER = io.github.jingweiwang.HomepwnerTests;
				PRODUCT_NAME = "$(TARGET_NAME)";
				SWIFT_VERSION = 4.0;
				TARGETED_DEVICE_FAMILY = "1,2";
				TEST_HOST = "$(BUILT_PRODUCTS_DIR)/Homepwner.app/Homepwner";
			};
			name = Debug;
		};
		64EF8652210085F0008A4469 /* Release */ = {
			isa = XCBuildConfiguration;
			buildSettings = {
				ALWAYS_EMBED_SWIFT_STANDARD_LIBRARIES = YES;
				BUNDLE_LOADER = "$(TEST_HOST)";
				CODE_SIGN_STYLE = Automatic;
				DEVELOPMENT_TEAM = 3S5MT7HWJS;
				INFOPLIST_FILE = HomepwnerTests/Info.plist;
				LD_RUNPATH_SEARCH_PATHS = (
					"$(inherited)",
					"@executable_path/Frameworks",
					"@loader_path/Frameworks",
				);
				PRODUCT_BUNDLE_IDENTIFIER = io.github.jingweiwang.HomepwnerTests;
				PRODUCT_NAME = "$(TARGET_NAME)";
				SWIFT_VERSION = 4.0;
				TARGETED_DEVICE_FAMILY = "1,2";
				TEST_HOST = "$(BUILT_PRODUCTS_DIR)/Homepwner.app/Homepwner";
			};
			name = Release;
		};
		64EF8654210085F0008A4469 /* Debug */ = {
			isa = XCBuildConfiguration;
			buildSettings = {
				ALWAYS_EMBED_SWIFT_STANDARD_LIBRARIES = YES;
				CODE_SIGN_STYLE = Automatic;
				DEVELOPMENT_TEAM = 3S5MT7HWJS;
				INFOPLIST_FILE = HomepwnerUITests/Info.plist;
				LD_RUNPATH_SEARCH_PATHS = (
					"$(inherited)",
					"@executable_path/Frameworks",
					"@loader_path/Frameworks",
				);
				PRODUCT_BUNDLE_IDENTIFIER = io.github.jingweiwang.HomepwnerUITests;
				PRODUCT_NAME = "$(TARGET_NAME)";
				SWIFT_VERSION = 4.0;
				TARGETED_DEVICE_FAMILY = "1,2";
				TEST_TARGET_NAME = Homepwner;
			};
			name = Debug;
		};
		64EF8655210085F0008A4469 /* Release */ = {
			isa = XCBuildConfiguration;
			buildSettings = {
				ALWAYS_EMBED_SWIFT_STANDARD_LIBRARIES = YES;
				CODE_SIGN_STYLE = Automatic;
				DEVELOPMENT_TEAM = 3S5MT7HWJS;
				INFOPLIST_FILE = HomepwnerUITests/Info.plist;
				LD_RUNPATH_SEARCH_PATHS = (
					"$(inherited)",
					"@executable_path/Frameworks",
					"@loader_path/Frameworks",
				);
				PRODUCT_BUNDLE_IDENTIFIER = io.github.jingweiwang.HomepwnerUITests;
				PRODUCT_NAME = "$(TARGET_NAME)";
				SWIFT_VERSION = 4.0;
				TARGETED_DEVICE_FAMILY = "1,2";
				TEST_TARGET_NAME = Homepwner;
			};
			name = Release;
		};
/* End XCBuildConfiguration section */

/* Begin XCConfigurationList section */
		64EF8620210085EF008A4469 /* Build configuration list for PBXProject "Homepwner" */ = {
			isa = XCConfigurationList;
			buildConfigurations = (
				64EF864B210085F0008A4469 /* Debug */,
				64EF864C210085F0008A4469 /* Release */,
			);
			defaultConfigurationIsVisible = 0;
			defaultConfigurationName = Release;
		};
		64EF864D210085F0008A4469 /* Build configuration list for PBXNativeTarget "Homepwner" */ = {
			isa = XCConfigurationList;
			buildConfigurations = (
				64EF864E210085F0008A4469 /* Debug */,
				64EF864F210085F0008A4469 /* Release */,
			);
			defaultConfigurationIsVisible = 0;
			defaultConfigurationName = Release;
		};
		64EF8650210085F0008A4469 /* Build configuration list for PBXNativeTarget "HomepwnerTests" */ = {
			isa = XCConfigurationList;
			buildConfigurations = (
				64EF8651210085F0008A4469 /* Debug */,
				64EF8652210085F0008A4469 /* Release */,
			);
			defaultConfigurationIsVisible = 0;
			defaultConfigurationName = Release;
		};
		64EF8653210085F0008A4469 /* Build configuration list for PBXNativeTarget "HomepwnerUITests" */ = {
			isa = XCConfigurationList;
			buildConfigurations = (
				64EF8654210085F0008A4469 /* Debug */,
				64EF8655210085F0008A4469 /* Release */,
			);
			defaultConfigurationIsVisible = 0;
			defaultConfigurationName = Release;
		};
/* End XCConfigurationList section */
	};
	rootObject = 64EF861D210085EF008A4469 /* Project object */;
}
