// !$*UTF8*$!
{
	archiveVersion = 1;
	classes = {
	};
	objectVersion = 50;
	objects = {

/* Begin PBXBuildFile section */
		648557AE20F4AF7600CA4CA8 /* AppDelegate.swift in Sources */ = {isa = PBXBuildFile; fileRef = 648557AD20F4AF7600CA4CA8 /* AppDelegate.swift */; };
		648557B020F4AF7600CA4CA8 /* ViewController.swift in Sources */ = {isa = PBXBuildFile; fileRef = 648557AF20F4AF7600CA4CA8 /* ViewController.swift */; };
		648557B320F4AF7600CA4CA8 /* Main.storyboard in Resources */ = {isa = PBXBuildFile; fileRef = 648557B120F4AF7600CA4CA8 /* Main.storyboard */; };
		648557B520F4AF7800CA4CA8 /* Assets.xcassets in Resources */ = {isa = PBXBuildFile; fileRef = 648557B420F4AF7800CA4CA8 /* Assets.xcassets */; };
		648557B820F4AF7800CA4CA8 /* LaunchScreen.storyboard in Resources */ = {isa = PBXBuildFile; fileRef = 648557B620F4AF7800CA4CA8 /* LaunchScreen.storyboard */; };
		648557C320F4AF7800CA4CA8 /* QuizTests.swift in Sources */ = {isa = PBXBuildFile; fileRef = 648557C220F4AF7800CA4CA8 /* QuizTests.swift */; };
		648557CE20F4AF7800CA4CA8 /* QuizUITests.swift in Sources */ = {isa = PBXBuildFile; fileRef = 648557CD20F4AF7800CA4CA8 /* QuizUITests.swift */; };
/* End PBXBuildFile section */

/* Begin PBXContainerItemProxy section */
		648557BF20F4AF7800CA4CA8 /* PBXContainerItemProxy */ = {
			isa = PBXContainerItemProxy;
			containerPortal = 648557A220F4AF7600CA4CA8 /* Project object */;
			proxyType = 1;
			remoteGlobalIDString = 648557A920F4AF7600CA4CA8;
			remoteInfo = Quiz;
		};
		648557CA20F4AF7800CA4CA8 /* PBXContainerItemProxy */ = {
			isa = PBXContainerItemProxy;
			containerPortal = 648557A220F4AF7600CA4CA8 /* Project object */;
			proxyType = 1;
			remoteGlobalIDString = 648557A920F4AF7600CA4CA8;
			remoteInfo = Quiz;
		};
/* End PBXContainerItemProxy section */

/* Begin PBXFileReference section */
		648557AA20F4AF7600CA4CA8 /* Quiz.app */ = {isa = PBXFileReference; explicitFileType = wrapper.application; includeInIndex = 0; path = Quiz.app; sourceTree = BUILT_PRODUCTS_DIR; };
		648557AD20F4AF7600CA4CA8 /* AppDelegate.swift */ = {isa = PBXFileReference; lastKnownFileType = sourcecode.swift; path = AppDelegate.swift; sourceTree = "<group>"; };
		648557AF20F4AF7600CA4CA8 /* ViewController.swift */ = {isa = PBXFileReference; lastKnownFileType = sourcecode.swift; path = ViewController.swift; sourceTree = "<group>"; };
		648557B220F4AF7600CA4CA8 /* Base */ = {isa = PBXFileReference; lastKnownFileType = file.storyboard; name = Base; path = Base.lproj/Main.storyboard; sourceTree = "<group>"; };
		648557B420F4AF7800CA4CA8 /* Assets.xcassets */ = {isa = PBXFileReference; lastKnownFileType = folder.assetcatalog; path = Assets.xcassets; sourceTree = "<group>"; };
		648557B720F4AF7800CA4CA8 /* Base */ = {isa = PBXFileReference; lastKnownFileType = file.storyboard; name = Base; path = Base.lproj/LaunchScreen.storyboard; sourceTree = "<group>"; };
		648557B920F4AF7800CA4CA8 /* Info.plist */ = {isa = PBXFileReference; lastKnownFileType = text.plist.xml; path = Info.plist; sourceTree = "<group>"; };
		648557BE20F4AF7800CA4CA8 /* QuizTests.xctest */ = {isa = PBXFileReference; explicitFileType = wrapper.cfbundle; includeInIndex = 0; path = QuizTests.xctest; sourceTree = BUILT_PRODUCTS_DIR; };
		648557C220F4AF7800CA4CA8 /* QuizTests.swift */ = {isa = PBXFileReference; lastKnownFileType = sourcecode.swift; path = QuizTests.swift; sourceTree = "<group>"; };
		648557C420F4AF7800CA4CA8 /* Info.plist */ = {isa = PBXFileReference; lastKnownFileType = text.plist.xml; path = Info.plist; sourceTree = "<group>"; };
		648557C920F4AF7800CA4CA8 /* QuizUITests.xctest */ = {isa = PBXFileReference; explicitFileType = wrapper.cfbundle; includeInIndex = 0; path = QuizUITests.xctest; sourceTree = BUILT_PRODUCTS_DIR; };
		648557CD20F4AF7800CA4CA8 /* QuizUITests.swift */ = {isa = PBXFileReference; lastKnownFileType = sourcecode.swift; path = QuizUITests.swift; sourceTree = "<group>"; };
		648557CF20F4AF7800CA4CA8 /* Info.plist */ = {isa = PBXFileReference; lastKnownFileType = text.plist.xml; path = Info.plist; sourceTree = "<group>"; };
/* End PBXFileReference section */

/* Begin PBXFrameworksBuildPhase section */
		648557A720F4AF7600CA4CA8 /* Frameworks */ = {
			isa = PBXFrameworksBuildPhase;
			buildActionMask = 2147483647;
			files = (
			);
			runOnlyForDeploymentPostprocessing = 0;
		};
		648557BB20F4AF7800CA4CA8 /* Frameworks */ = {
			isa = PBXFrameworksBuildPhase;
			buildActionMask = 2147483647;
			files = (
			);
			runOnlyForDeploymentPostprocessing = 0;
		};
		648557C620F4AF7800CA4CA8 /* Frameworks */ = {
			isa = PBXFrameworksBuildPhase;
			buildActionMask = 2147483647;
			files = (
			);
			runOnlyForDeploymentPostprocessing = 0;
		};
/* End PBXFrameworksBuildPhase section */

/* Begin PBXGroup section */
		648557A120F4AF7600CA4CA8 = {
			isa = PBXGroup;
			children = (
				648557AC20F4AF7600CA4CA8 /* Quiz */,
				648557C120F4AF7800CA4CA8 /* QuizTests */,
				648557CC20F4AF7800CA4CA8 /* QuizUITests */,
				648557AB20F4AF7600CA4CA8 /* Products */,
			);
			sourceTree = "<group>";
		};
		648557AB20F4AF7600CA4CA8 /* Products */ = {
			isa = PBXGroup;
			children = (
				648557AA20F4AF7600CA4CA8 /* Quiz.app */,
				648557BE20F4AF7800CA4CA8 /* QuizTests.xctest */,
				648557C920F4AF7800CA4CA8 /* QuizUITests.xctest */,
			);
			name = Products;
			sourceTree = "<group>";
		};
		648557AC20F4AF7600CA4CA8 /* Quiz */ = {
			isa = PBXGroup;
			children = (
				648557AD20F4AF7600CA4CA8 /* AppDelegate.swift */,
				648557AF20F4AF7600CA4CA8 /* ViewController.swift */,
				648557B120F4AF7600CA4CA8 /* Main.storyboard */,
				648557B420F4AF7800CA4CA8 /* Assets.xcassets */,
				648557B620F4AF7800CA4CA8 /* LaunchScreen.storyboard */,
				648557B920F4AF7800CA4CA8 /* Info.plist */,
			);
			path = Quiz;
			sourceTree = "<group>";
		};
		648557C120F4AF7800CA4CA8 /* QuizTests */ = {
			isa = PBXGroup;
			children = (
				648557C220F4AF7800CA4CA8 /* QuizTests.swift */,
				648557C420F4AF7800CA4CA8 /* Info.plist */,
			);
			path = QuizTests;
			sourceTree = "<group>";
		};
		648557CC20F4AF7800CA4CA8 /* QuizUITests */ = {
			isa = PBXGroup;
			children = (
				648557CD20F4AF7800CA4CA8 /* QuizUITests.swift */,
				648557CF20F4AF7800CA4CA8 /* Info.plist */,
			);
			path = QuizUITests;
			sourceTree = "<group>";
		};
/* End PBXGroup section */

/* Begin PBXNativeTarget section */
		648557A920F4AF7600CA4CA8 /* Quiz */ = {
			isa = PBXNativeTarget;
			buildConfigurationList = 648557D220F4AF7800CA4CA8 /* Build configuration list for PBXNativeTarget "Quiz" */;
			buildPhases = (
				648557A620F4AF7600CA4CA8 /* Sources */,
				648557A720F4AF7600CA4CA8 /* Frameworks */,
				648557A820F4AF7600CA4CA8 /* Resources */,
			);
			buildRules = (
			);
			dependencies = (
			);
			name = Quiz;
			productName = Quiz;
			productReference = 648557AA20F4AF7600CA4CA8 /* Quiz.app */;
			productType = "com.apple.product-type.application";
		};
		648557BD20F4AF7800CA4CA8 /* QuizTests */ = {
			isa = PBXNativeTarget;
			buildConfigurationList = 648557D520F4AF7800CA4CA8 /* Build configuration list for PBXNativeTarget "QuizTests" */;
			buildPhases = (
				648557BA20F4AF7800CA4CA8 /* Sources */,
				648557BB20F4AF7800CA4CA8 /* Frameworks */,
				648557BC20F4AF7800CA4CA8 /* Resources */,
			);
			buildRules = (
			);
			dependencies = (
				648557C020F4AF7800CA4CA8 /* PBXTargetDependency */,
			);
			name = QuizTests;
			productName = QuizTests;
			productReference = 648557BE20F4AF7800CA4CA8 /* QuizTests.xctest */;
			productType = "com.apple.product-type.bundle.unit-test";
		};
		648557C820F4AF7800CA4CA8 /* QuizUITests */ = {
			isa = PBXNativeTarget;
			buildConfigurationList = 648557D820F4AF7800CA4CA8 /* Build configuration list for PBXNativeTarget "QuizUITests" */;
			buildPhases = (
				648557C520F4AF7800CA4CA8 /* Sources */,
				648557C620F4AF7800CA4CA8 /* Frameworks */,
				648557C720F4AF7800CA4CA8 /* Resources */,
			);
			buildRules = (
			);
			dependencies = (
				648557CB20F4AF7800CA4CA8 /* PBXTargetDependency */,
			);
			name = QuizUITests;
			productName = QuizUITests;
			productReference = 648557C920F4AF7800CA4CA8 /* QuizUITests.xctest */;
			productType = "com.apple.product-type.bundle.ui-testing";
		};
/* End PBXNativeTarget section */

/* Begin PBXProject section */
		648557A220F4AF7600CA4CA8 /* Project object */ = {
			isa = PBXProject;
			attributes = {
				LastSwiftUpdateCheck = 0940;
				LastUpgradeCheck = 0940;
				ORGANIZATIONNAME = JingweiWang;
				TargetAttributes = {
					648557A920F4AF7600CA4CA8 = {
						CreatedOnToolsVersion = 9.4.1;
					};
					648557BD20F4AF7800CA4CA8 = {
						CreatedOnToolsVersion = 9.4.1;
						TestTargetID = 648557A920F4AF7600CA4CA8;
					};
					648557C820F4AF7800CA4CA8 = {
						CreatedOnToolsVersion = 9.4.1;
						TestTargetID = 648557A920F4AF7600CA4CA8;
					};
				};
			};
			buildConfigurationList = 648557A520F4AF7600CA4CA8 /* Build configuration list for PBXProject "Quiz" */;
			compatibilityVersion = "Xcode 9.3";
			developmentRegion = en;
			hasScannedForEncodings = 0;
			knownRegions = (
				en,
				Base,
			);
			mainGroup = 648557A120F4AF7600CA4CA8;
			productRefGroup = 648557AB20F4AF7600CA4CA8 /* Products */;
			projectDirPath = "";
			projectRoot = "";
			targets = (
				648557A920F4AF7600CA4CA8 /* Quiz */,
				648557BD20F4AF7800CA4CA8 /* QuizTests */,
				648557C820F4AF7800CA4CA8 /* QuizUITests */,
			);
		};
/* End PBXProject section */

/* Begin PBXResourcesBuildPhase section */
		648557A820F4AF7600CA4CA8 /* Resources */ = {
			isa = PBXResourcesBuildPhase;
			buildActionMask = 2147483647;
			files = (
				648557B820F4AF7800CA4CA8 /* LaunchScreen.storyboard in Resources */,
				648557B520F4AF7800CA4CA8 /* Assets.xcassets in Resources */,
				648557B320F4AF7600CA4CA8 /* Main.storyboard in Resources */,
			);
			runOnlyForDeploymentPostprocessing = 0;
		};
		648557BC20F4AF7800CA4CA8 /* Resources */ = {
			isa = PBXResourcesBuildPhase;
			buildActionMask = 2147483647;
			files = (
			);
			runOnlyForDeploymentPostprocessing = 0;
		};
		648557C720F4AF7800CA4CA8 /* Resources */ = {
			isa = PBXResourcesBuildPhase;
			buildActionMask = 2147483647;
			files = (
			);
			runOnlyForDeploymentPostprocessing = 0;
		};
/* End PBXResourcesBuildPhase section */

/* Begin PBXSourcesBuildPhase section */
		648557A620F4AF7600CA4CA8 /* Sources */ = {
			isa = PBXSourcesBuildPhase;
			buildActionMask = 2147483647;
			files = (
				648557B020F4AF7600CA4CA8 /* ViewController.swift in Sources */,
				648557AE20F4AF7600CA4CA8 /* AppDelegate.swift in Sources */,
			);
			runOnlyForDeploymentPostprocessing = 0;
		};
		648557BA20F4AF7800CA4CA8 /* Sources */ = {
			isa = PBXSourcesBuildPhase;
			buildActionMask = 2147483647;
			files = (
				648557C320F4AF7800CA4CA8 /* QuizTests.swift in Sources */,
			);
			runOnlyForDeploymentPostprocessing = 0;
		};
		648557C520F4AF7800CA4CA8 /* Sources */ = {
			isa = PBXSourcesBuildPhase;
			buildActionMask = 2147483647;
			files = (
				648557CE20F4AF7800CA4CA8 /* QuizUITests.swift in Sources */,
			);
			runOnlyForDeploymentPostprocessing = 0;
		};
/* End PBXSourcesBuildPhase section */

/* Begin PBXTargetDependency section */
		648557C020F4AF7800CA4CA8 /* PBXTargetDependency */ = {
			isa = PBXTargetDependency;
			target = 648557A920F4AF7600CA4CA8 /* Quiz */;
			targetProxy = 648557BF20F4AF7800CA4CA8 /* PBXContainerItemProxy */;
		};
		648557CB20F4AF7800CA4CA8 /* PBXTargetDependency */ = {
			isa = PBXTargetDependency;
			target = 648557A920F4AF7600CA4CA8 /* Quiz */;
			targetProxy = 648557CA20F4AF7800CA4CA8 /* PBXContainerItemProxy */;
		};
/* End PBXTargetDependency section */

/* Begin PBXVariantGroup section */
		648557B120F4AF7600CA4CA8 /* Main.storyboard */ = {
			isa = PBXVariantGroup;
			children = (
				648557B220F4AF7600CA4CA8 /* Base */,
			);
			name = Main.storyboard;
			sourceTree = "<group>";
		};
		648557B620F4AF7800CA4CA8 /* LaunchScreen.storyboard */ = {
			isa = PBXVariantGroup;
			children = (
				648557B720F4AF7800CA4CA8 /* Base */,
			);
			name = LaunchScreen.storyboard;
			sourceTree = "<group>";
		};
/* End PBXVariantGroup section */

/* Begin XCBuildConfiguration section */
		648557D020F4AF7800CA4CA8 /* Debug */ = {
			isa = XCBuildConfiguration;
			buildSettings = {
				ALWAYS_SEARCH_USER_PATHS = NO;
				CLANG_ANALYZER_NONNULL = YES;
				CLANG_ANALYZER_NUMBER_OBJECT_CONVERSION = YES_AGGRESSIVE;
				CLANG_CXX_LANGUAGE_STANDARD = "gnu++14";
				CLANG_CXX_LIBRARY = "libc++";
				CLANG_ENABLE_MODULES = YES;
				CLANG_ENABLE_OBJC_ARC = YES;
				CLANG_ENABLE_OBJC_WEAK = YES;
				CLANG_WARN_BLOCK_CAPTURE_AUTORELEASING = YES;
				CLANG_WARN_BOOL_CONVERSION = YES;
				CLANG_WARN_COMMA = YES;
				CLANG_WARN_CONSTANT_CONVERSION = YES;
				CLANG_WARN_DEPRECATED_OBJC_IMPLEMENTATIONS = YES;
				CLANG_WARN_DIRECT_OBJC_ISA_USAGE = YES_ERROR;
				CLANG_WARN_DOCUMENTATION_COMMENTS = YES;
				CLANG_WARN_EMPTY_BODY = YES;
				CLANG_WARN_ENUM_CONVERSION = YES;
				CLANG_WARN_INFINITE_RECURSION = YES;
				CLANG_WARN_INT_CONVERSION = YES;
				CLANG_WARN_NON_LITERAL_NULL_CONVERSION = YES;
				CLANG_WARN_OBJC_IMPLICIT_RETAIN_SELF = YES;
				CLANG_WARN_OBJC_LITERAL_CONVERSION = YES;
				CLANG_WARN_OBJC_ROOT_CLASS = YES_ERROR;
				CLANG_WARN_RANGE_LOOP_ANALYSIS = YES;
				CLANG_WARN_STRICT_PROTOTYPES = YES;
				CLANG_WARN_SUSPICIOUS_MOVE = YES;
				CLANG_WARN_UNGUARDED_AVAILABILITY = YES_AGGRESSIVE;
				CLANG_WARN_UNREACHABLE_CODE = YES;
				CLANG_WARN__DUPLICATE_METHOD_MATCH = YES;
				CODE_SIGN_IDENTITY = "iPhone Developer";
				COPY_PHASE_STRIP = NO;
				DEBUG_INFORMATION_FORMAT = dwarf;
				ENABLE_STRICT_OBJC_MSGSEND = YES;
				ENABLE_TESTABILITY = YES;
				GCC_C_LANGUAGE_STANDARD = gnu11;
				GCC_DYNAMIC_NO_PIC = NO;
				GCC_NO_COMMON_BLOCKS = YES;
				GCC_OPTIMIZATION_LEVEL = 0;
				GCC_PREPROCESSOR_DEFINITIONS = (
					"DEBUG=1",
					"$(inherited)",
				);
				GCC_WARN_64_TO_32_BIT_CONVERSION = YES;
				GCC_WARN_ABOUT_RETURN_TYPE = YES_ERROR;
				GCC_WARN_UNDECLARED_SELECTOR = YES;
				GCC_WARN_UNINITIALIZED_AUTOS = YES_AGGRESSIVE;
				GCC_WARN_UNUSED_FUNCTION = YES;
				GCC_WARN_UNUSED_VARIABLE = YES;
				IPHONEOS_DEPLOYMENT_TARGET = 11.4;
				MTL_ENABLE_DEBUG_INFO = YES;
				ONLY_ACTIVE_ARCH = YES;
				SDKROOT = iphoneos;
				SWIFT_ACTIVE_COMPILATION_CONDITIONS = DEBUG;
				SWIFT_OPTIMIZATION_LEVEL = "-Onone";
			};
			name = Debug;
		};
		648557D120F4AF7800CA4CA8 /* Release */ = {
			isa = XCBuildConfiguration;
			buildSettings = {
				ALWAYS_SEARCH_USER_PATHS = NO;
				CLANG_ANALYZER_NONNULL = YES;
				CLANG_ANALYZER_NUMBER_OBJECT_CONVERSION = YES_AGGRESSIVE;
				CLANG_CXX_LANGUAGE_STANDARD = "gnu++14";
				CLANG_CXX_LIBRARY = "libc++";
				CLANG_ENABLE_MODULES = YES;
				CLANG_ENABLE_OBJC_ARC = YES;
				CLANG_ENABLE_OBJC_WEAK = YES;
				CLANG_WARN_BLOCK_CAPTURE_AUTORELEASING = YES;
				CLANG_WARN_BOOL_CONVERSION = YES;
				CLANG_WARN_COMMA = YES;
				CLANG_WARN_CONSTANT_CONVERSION = YES;
				CLANG_WARN_DEPRECATED_OBJC_IMPLEMENTATIONS = YES;
				CLANG_WARN_DIRECT_OBJC_ISA_USAGE = YES_ERROR;
				CLANG_WARN_DOCUMENTATION_COMMENTS = YES;
				CLANG_WARN_EMPTY_BODY = YES;
				CLANG_WARN_ENUM_CONVERSION = YES;
				CLANG_WARN_INFINITE_RECURSION = YES;
				CLANG_WARN_INT_CONVERSION = YES;
				CLANG_WARN_NON_LITERAL_NULL_CONVERSION = YES;
				CLANG_WARN_OBJC_IMPLICIT_RETAIN_SELF = YES;
				CLANG_WARN_OBJC_LITERAL_CONVERSION = YES;
				CLANG_WARN_OBJC_ROOT_CLASS = YES_ERROR;
				CLANG_WARN_RANGE_LOOP_ANALYSIS = YES;
				CLANG_WARN_STRICT_PROTOTYPES = YES;
				CLANG_WARN_SUSPICIOUS_MOVE = YES;
				CLANG_WARN_UNGUARDED_AVAILABILITY = YES_AGGRESSIVE;
				CLANG_WARN_UNREACHABLE_CODE = YES;
				CLANG_WARN__DUPLICATE_METHOD_MATCH = YES;
				CODE_SIGN_IDENTITY = "iPhone Developer";
				COPY_PHASE_STRIP = NO;
				DEBUG_INFORMATION_FORMAT = "dwarf-with-dsym";
				ENABLE_NS_ASSERTIONS = NO;
				ENABLE_STRICT_OBJC_MSGSEND = YES;
				GCC_C_LANGUAGE_STANDARD = gnu11;
				GCC_NO_COMMON_BLOCKS = YES;
				GCC_WARN_64_TO_32_BIT_CONVERSION = YES;
				GCC_WARN_ABOUT_RETURN_TYPE = YES_ERROR;
				GCC_WARN_UNDECLARED_SELECTOR = YES;
				GCC_WARN_UNINITIALIZED_AUTOS = YES_AGGRESSIVE;
				GCC_WARN_UNUSED_FUNCTION = YES;
				GCC_WARN_UNUSED_VARIABLE = YES;
				IPHONEOS_DEPLOYMENT_TARGET = 11.4;
				MTL_ENABLE_DEBUG_INFO = NO;
				SDKROOT = iphoneos;
				SWIFT_COMPILATION_MODE = wholemodule;
				SWIFT_OPTIMIZATION_LEVEL = "-O";
				VALIDATE_PRODUCT = YES;
			};
			name = Release;
		};
		648557D320F4AF7800CA4CA8 /* Debug */ = {
			isa = XCBuildConfiguration;
			buildSettings = {
				ASSETCATALOG_COMPILER_APPICON_NAME = AppIcon;
				CODE_SIGN_STYLE = Automatic;
				DEVELOPMENT_TEAM = 3S5MT7HWJS;
				INFOPLIST_FILE = Quiz/Info.plist;
				LD_RUNPATH_SEARCH_PATHS = (
					"$(inherited)",
					"@executable_path/Frameworks",
				);
				PRODUCT_BUNDLE_IDENTIFIER = io.github.jingweiwang.Quiz;
				PRODUCT_NAME = "$(TARGET_NAME)";
				SWIFT_VERSION = 4.0;
				TARGETED_DEVICE_FAMILY = "1,2";
			};
			name = Debug;
		};
		648557D420F4AF7800CA4CA8 /* Release */ = {
			isa = XCBuildConfiguration;
			buildSettings = {
				ASSETCATALOG_COMPILER_APPICON_NAME = AppIcon;
				CODE_SIGN_STYLE = Automatic;
				DEVELOPMENT_TEAM = 3S5MT7HWJS;
				INFOPLIST_FILE = Quiz/Info.plist;
				LD_RUNPATH_SEARCH_PATHS = (
					"$(inherited)",
					"@executable_path/Frameworks",
				);
				PRODUCT_BUNDLE_IDENTIFIER = io.github.jingweiwang.Quiz;
				PRODUCT_NAME = "$(TARGET_NAME)";
				SWIFT_VERSION = 4.0;
				TARGETED_DEVICE_FAMILY = "1,2";
			};
			name = Release;
		};
		648557D620F4AF7800CA4CA8 /* Debug */ = {
			isa = XCBuildConfiguration;
			buildSettings = {
				ALWAYS_EMBED_SWIFT_STANDARD_LIBRARIES = YES;
				BUNDLE_LOADER = "$(TEST_HOST)";
				CODE_SIGN_STYLE = Automatic;
				DEVELOPMENT_TEAM = 3S5MT7HWJS;
				INFOPLIST_FILE = QuizTests/Info.plist;
				LD_RUNPATH_SEARCH_PATHS = (
					"$(inherited)",
					"@executable_path/Frameworks",
					"@loader_path/Frameworks",
				);
				PRODUCT_BUNDLE_IDENTIFIER = io.github.jingweiwang.QuizTests;
				PRODUCT_NAME = "$(TARGET_NAME)";
				SWIFT_VERSION = 4.0;
				TARGETED_DEVICE_FAMILY = "1,2";
				TEST_HOST = "$(BUILT_PRODUCTS_DIR)/Quiz.app/Quiz";
			};
			name = Debug;
		};
		648557D720F4AF7800CA4CA8 /* Release */ = {
			isa = XCBuildConfiguration;
			buildSettings = {
				ALWAYS_EMBED_SWIFT_STANDARD_LIBRARIES = YES;
				BUNDLE_LOADER = "$(TEST_HOST)";
				CODE_SIGN_STYLE = Automatic;
				DEVELOPMENT_TEAM = 3S5MT7HWJS;
				INFOPLIST_FILE = QuizTests/Info.plist;
				LD_RUNPATH_SEARCH_PATHS = (
					"$(inherited)",
					"@executable_path/Frameworks",
					"@loader_path/Frameworks",
				);
				PRODUCT_BUNDLE_IDENTIFIER = io.github.jingweiwang.QuizTests;
				PRODUCT_NAME = "$(TARGET_NAME)";
				SWIFT_VERSION = 4.0;
				TARGETED_DEVICE_FAMILY = "1,2";
				TEST_HOST = "$(BUILT_PRODUCTS_DIR)/Quiz.app/Quiz";
			};
			name = Release;
		};
		648557D920F4AF7800CA4CA8 /* Debug */ = {
			isa = XCBuildConfiguration;
			buildSettings = {
				ALWAYS_EMBED_SWIFT_STANDARD_LIBRARIES = YES;
				CODE_SIGN_STYLE = Automatic;
				DEVELOPMENT_TEAM = 3S5MT7HWJS;
				INFOPLIST_FILE = QuizUITests/Info.plist;
				LD_RUNPATH_SEARCH_PATHS = (
					"$(inherited)",
					"@executable_path/Frameworks",
					"@loader_path/Frameworks",
				);
				PRODUCT_BUNDLE_IDENTIFIER = io.github.jingweiwang.QuizUITests;
				PRODUCT_NAME = "$(TARGET_NAME)";
				SWIFT_VERSION = 4.0;
				TARGETED_DEVICE_FAMILY = "1,2";
				TEST_TARGET_NAME = Quiz;
			};
			name = Debug;
		};
		648557DA20F4AF7800CA4CA8 /* Release */ = {
			isa = XCBuildConfiguration;
			buildSettings = {
				ALWAYS_EMBED_SWIFT_STANDARD_LIBRARIES = YES;
				CODE_SIGN_STYLE = Automatic;
				DEVELOPMENT_TEAM = 3S5MT7HWJS;
				INFOPLIST_FILE = QuizUITests/Info.plist;
				LD_RUNPATH_SEARCH_PATHS = (
					"$(inherited)",
					"@executable_path/Frameworks",
					"@loader_path/Frameworks",
				);
				PRODUCT_BUNDLE_IDENTIFIER = io.github.jingweiwang.QuizUITests;
				PRODUCT_NAME = "$(TARGET_NAME)";
				SWIFT_VERSION = 4.0;
				TARGETED_DEVICE_FAMILY = "1,2";
				TEST_TARGET_NAME = Quiz;
			};
			name = Release;
		};
/* End XCBuildConfiguration section */

/* Begin XCConfigurationList section */
		648557A520F4AF7600CA4CA8 /* Build configuration list for PBXProject "Quiz" */ = {
			isa = XCConfigurationList;
			buildConfigurations = (
				648557D020F4AF7800CA4CA8 /* Debug */,
				648557D120F4AF7800CA4CA8 /* Release */,
			);
			defaultConfigurationIsVisible = 0;
			defaultConfigurationName = Release;
		};
		648557D220F4AF7800CA4CA8 /* Build configuration list for PBXNativeTarget "Quiz" */ = {
			isa = XCConfigurationList;
			buildConfigurations = (
				648557D320F4AF7800CA4CA8 /* Debug */,
				648557D420F4AF7800CA4CA8 /* Release */,
			);
			defaultConfigurationIsVisible = 0;
			defaultConfigurationName = Release;
		};
		648557D520F4AF7800CA4CA8 /* Build configuration list for PBXNativeTarget "QuizTests" */ = {
			isa = XCConfigurationList;
			buildConfigurations = (
				648557D620F4AF7800CA4CA8 /* Debug */,
				648557D720F4AF7800CA4CA8 /* Release */,
			);
			defaultConfigurationIsVisible = 0;
			defaultConfigurationName = Release;
		};
		648557D820F4AF7800CA4CA8 /* Build configuration list for PBXNativeTarget "QuizUITests" */ = {
			isa = XCConfigurationList;
			buildConfigurations = (
				648557D920F4AF7800CA4CA8 /* Debug */,
				648557DA20F4AF7800CA4CA8 /* Release */,
			);
			defaultConfigurationIsVisible = 0;
			defaultConfigurationName = Release;
		};
/* End XCConfigurationList section */
	};
	rootObject = 648557A220F4AF7600CA4CA8 /* Project object */;
}
